
Microsoft Visual Studio Solution File, Format Version 12.00
# Visual Studio Version 17
VisualStudioVersion = 17.5.33414.496
MinimumVisualStudioVersion = 10.0.40219.1
Project("{FAE04EC0-301F-11D3-BF4B-00C04F79EFBC}") = "BibliotecaMongoDB", "BibliotecaMongoDB\BibliotecaMongoDB.csproj", "{18A03DB7-C41E-402E-A367-3B49C8DD048A}"
EndProject
Global
	GlobalSection(SolutionConfigurationPlatforms) = preSolution
		Debug|Any CPU = Debug|Any CPU
		Release|Any CPU = Release|Any CPU
	EndGlobalSection
	GlobalSection(ProjectConfigurationPlatforms) = postSolution
		{18A03DB7-C41E-402E-A367-3B49C8DD048A}.Debug|Any CPU.ActiveCfg = Debug|Any CPU
		{18A03DB7-C41E-402E-A367-3B49C8DD048A}.Debug|Any CPU.Build.0 = Debug|Any CPU
		{18A03DB7-C41E-402E-A367-3B49C8DD048A}.Release|Any CPU.ActiveCfg = Release|Any CPU
		{18A03DB7-C41E-402E-A367-3B49C8DD048A}.Release|Any CPU.Build.0 = Release|Any CPU
	EndGlobalSection
	GlobalSection(SolutionProperties) = preSolution
		HideSolutionNode = FALSE
	EndGlobalSection
	GlobalSection(ExtensibilityGlobals) = postSolution
		SolutionGuid = {FDB27A3D-957D-4E7A-B962-D90969C57C63}
	EndGlobalSection
EndGlobal
